github.com/cockroachdb/apd v0.0.0-20181017181144-bced77f817b4 h1:BY/bc21MGkHQmDUB1n5sRK+HsV4lFM9GJPuFA4vQAgE=
github.com/cockroachdb/apd v0.0.0-20181017181144-bced77f817b4/go.mod h1:mdGz2CnkJrefFtlLevmE7JpL2zB9tKofya/6w7wWzNA=
github.com/cockroachdb/apd v1.1.0 h1:3LFP3629v+1aKXU5Q37mxmRxX/pIu1nijXydLShEq5I=
github.com/cockroachdb/apd v1.1.0/go.mod h1:8Sl8LxpKi29FqWXR16WEFZRNSz3SoPzUzeMeY4+DwBQ=
github.com/pkg/errors v0.8.0/go.mod h1:bwawxfHBFNV+L2hUp1rHADufV3IMtnDRdf1r5NINEl0=
github.com/pkg/errors v0.8.1 h1:iURUrRGxPUNPdy5/HRSm+Yj6okJ6UtLINN0Q9M4+h3I=
github.com/pkg/errors v0.8.1/go.mod h1:bwawxfHBFNV+L2hUp1rHADufV3IMtnDRdf1r5NINEl0=
